{
  "originHash" : "7f6d42739126e9cb681575bc4ccf0b60d410062158e7628fdfbe4e429f9c40c7",
  "pins" : [
    {
      "identity" : "swiftgodotbinary",
      "kind" : "remoteSourceControl",
      "location" : "https://github.com/migueldeicaza/SwiftGodotBinary",
      "state" : {
        "revision" : "bf7cd9cb51b30039199c47811c486976923af93e"
      }
    }
  ],
  "version" : 3
}
